// !$*UTF8*$!
{
	archiveVersion = 1;
	classes = {
	};
	objectVersion = 46;
	objects = {

/* Begin PBXBuildFile section */
		1AC6FB30180E99EB004C840B /* libcocos2d iOS.a in Frameworks */ = {isa = PBXBuildFile; fileRef = 1AC6FB07180E9839004C840B /* libcocos2d iOS.a */; };
		1D60589F0D05DD5A006BFB54 /* Foundation.framework in Frameworks */ = {isa = PBXBuildFile; fileRef = 1D30AB110D05D00D00671497 /* Foundation.framework */; };
		1DF5F4E00D08C38300B7A737 /* UIKit.framework in Frameworks */ = {isa = PBXBuildFile; fileRef = 1DF5F4DF0D08C38300B7A737 /* UIKit.framework */; };
		288765A50DF7441C002DB57D /* CoreGraphics.framework in Frameworks */ = {isa = PBXBuildFile; fileRef = 288765A40DF7441C002DB57D /* CoreGraphics.framework */; };
		3EACC98F19EE6D4300EB3C5E /* res in Resources */ = {isa = PBXBuildFile; fileRef = 3EACC98E19EE6D4300EB3C5E /* res */; };
		46880B7B19C43A67006E1F66 /* CloseNormal.png in Resources */ = {isa = PBXBuildFile; fileRef = 46880B7619C43A67006E1F66 /* CloseNormal.png */; };
		46880B7D19C43A67006E1F66 /* CloseSelected.png in Resources */ = {isa = PBXBuildFile; fileRef = 46880B7719C43A67006E1F66 /* CloseSelected.png */; };
		46880B8119C43A67006E1F66 /* HelloWorld.png in Resources */ = {isa = PBXBuildFile; fileRef = 46880B7A19C43A67006E1F66 /* HelloWorld.png */; };
		46880B8819C43A87006E1F66 /* AppDelegate.cpp in Sources */ = {isa = PBXBuildFile; fileRef = 46880B8419C43A87006E1F66 /* AppDelegate.cpp */; };
		46880B8A19C43A87006E1F66 /* HelloWorldScene.cpp in Sources */ = {isa = PBXBuildFile; fileRef = 46880B8619C43A87006E1F66 /* HelloWorldScene.cpp */; };
		503AE10017EB989F00D1A890 /* AppController.mm in Sources */ = {isa = PBXBuildFile; fileRef = 503AE0FB17EB989F00D1A890 /* AppController.mm */; };
		503AE10117EB989F00D1A890 /* main.m in Sources */ = {isa = PBXBuildFile; fileRef = 503AE0FC17EB989F00D1A890 /* main.m */; };
		503AE10217EB989F00D1A890 /* RootViewController.mm in Sources */ = {isa = PBXBuildFile; fileRef = 503AE0FF17EB989F00D1A890 /* RootViewController.mm */; };
		5087E77D17EB970100C73F5D /* Default-568h@2x.png in Resources */ = {isa = PBXBuildFile; fileRef = 5087E77217EB970100C73F5D /* Default-568h@2x.png */; };
		5087E77E17EB970100C73F5D /* Default.png in Resources */ = {isa = PBXBuildFile; fileRef = 5087E77317EB970100C73F5D /* Default.png */; };
		5087E77F17EB970100C73F5D /* Default@2x.png in Resources */ = {isa = PBXBuildFile; fileRef = 5087E77417EB970100C73F5D /* Default@2x.png */; };
		5087E78017EB970100C73F5D /* Icon-114.png in Resources */ = {isa = PBXBuildFile; fileRef = 5087E77517EB970100C73F5D /* Icon-114.png */; };
		5087E78117EB970100C73F5D /* Icon-120.png in Resources */ = {isa = PBXBuildFile; fileRef = 5087E77617EB970100C73F5D /* Icon-120.png */; };
		5087E78217EB970100C73F5D /* Icon-144.png in Resources */ = {isa = PBXBuildFile; fileRef = 5087E77717EB970100C73F5D /* Icon-144.png */; };
		5087E78317EB970100C73F5D /* Icon-152.png in Resources */ = {isa = PBXBuildFile; fileRef = 5087E77817EB970100C73F5D /* Icon-152.png */; };
		5087E78417EB970100C73F5D /* Icon-57.png in Resources */ = {isa = PBXBuildFile; fileRef = 5087E77917EB970100C73F5D /* Icon-57.png */; };
		5087E78517EB970100C73F5D /* Icon-72.png in Resources */ = {isa = PBXBuildFile; fileRef = 5087E77A17EB970100C73F5D /* Icon-72.png */; };
		5087E78617EB970100C73F5D /* Icon-76.png in Resources */ = {isa = PBXBuildFile; fileRef = 5087E77B17EB970100C73F5D /* Icon-76.png */; };
		50EF629617ECD46A001EB2F8 /* Icon-40.png in Resources */ = {isa = PBXBuildFile; fileRef = 50EF629217ECD46A001EB2F8 /* Icon-40.png */; };
		50EF629717ECD46A001EB2F8 /* Icon-58.png in Resources */ = {isa = PBXBuildFile; fileRef = 50EF629317ECD46A001EB2F8 /* Icon-58.png */; };
		50EF629817ECD46A001EB2F8 /* Icon-80.png in Resources */ = {isa = PBXBuildFile; fileRef = 50EF629417ECD46A001EB2F8 /* Icon-80.png */; };
		50EF629917ECD46A001EB2F8 /* Icon-100.png in Resources */ = {isa = PBXBuildFile; fileRef = 50EF629517ECD46A001EB2F8 /* Icon-100.png */; };
		50EF62A217ECD613001EB2F8 /* Icon-29.png in Resources */ = {isa = PBXBuildFile; fileRef = 50EF62A017ECD613001EB2F8 /* Icon-29.png */; };
		50EF62A317ECD613001EB2F8 /* Icon-50.png in Resources */ = {isa = PBXBuildFile; fileRef = 50EF62A117ECD613001EB2F8 /* Icon-50.png */; };
		521A8E6419F0C34300D177D7 /* Default-667h@2x.png in Resources */ = {isa = PBXBuildFile; fileRef = 521A8E6219F0C34300D177D7 /* Default-667h@2x.png */; };
		521A8E6519F0C34300D177D7 /* Default-736h@3x.png in Resources */ = {isa = PBXBuildFile; fileRef = 521A8E6319F0C34300D177D7 /* Default-736h@3x.png */; };
		521A8EA919F11F5000D177D7 /* fonts in Resources */ = {isa = PBXBuildFile; fileRef = 521A8EA819F11F5000D177D7 /* fonts */; };
		52B47A471A53D09C004E4C60 /* Security.framework in Frameworks */ = {isa = PBXBuildFile; fileRef = 52B47A461A53D09B004E4C60 /* Security.framework */; };
		BF171245129291EC00B8313A /* OpenGLES.framework in Frameworks */ = {isa = PBXBuildFile; fileRef = BF170DB012928DE900B8313A /* OpenGLES.framework */; };
		BF1712471292920000B8313A /* libz.dylib in Frameworks */ = {isa = PBXBuildFile; fileRef = BF170DB412928DE900B8313A /* libz.dylib */; };
		BF1C47F01293687400B63C5D /* QuartzCore.framework in Frameworks */ = {isa = PBXBuildFile; fileRef = BF1C47EA1293683800B63C5D /* QuartzCore.framework */; };
		C11188FD1BB7D0620015663B /* GPAppDelegateIntercepter.m in Sources */ = {isa = PBXBuildFile; fileRef = C11188FA1BB7D0620015663B /* GPAppDelegateIntercepter.m */; settings = {ASSET_TAGS = (); }; };
		C16A9AF71BB7D60F0071EFDE /* GPAppDelegateWrapper.m in Sources */ = {isa = PBXBuildFile; fileRef = C16A9AF61BB7D60F0071EFDE /* GPAppDelegateWrapper.m */; settings = {ASSET_TAGS = (); }; };
		C16A9AFA1BB7D6BF0071EFDE /* UIApplication+GrowthPush.m in Sources */ = {isa = PBXBuildFile; fileRef = C16A9AF91BB7D6BF0071EFDE /* UIApplication+GrowthPush.m */; settings = {ASSET_TAGS = (); }; };
		C1F940D61BB51A500010F664 /* Growthbeat.framework in Frameworks */ = {isa = PBXBuildFile; fileRef = C1F940D41BB51A500010F664 /* Growthbeat.framework */; };
		C1F940D71BB51A500010F664 /* GrowthLink.framework in Frameworks */ = {isa = PBXBuildFile; fileRef = C1F940D51BB51A500010F664 /* GrowthLink.framework */; };
		C1F940D91BB51A560010F664 /* libiconv.2.4.0.tbd in Frameworks */ = {isa = PBXBuildFile; fileRef = C1F940D81BB51A560010F664 /* libiconv.2.4.0.tbd */; };
		C1F940DB1BB51A750010F664 /* AdSupport.framework in Frameworks */ = {isa = PBXBuildFile; fileRef = C1F940DA1BB51A750010F664 /* AdSupport.framework */; };
		C1F940DD1BB51A7C0010F664 /* CFNetwork.framework in Frameworks */ = {isa = PBXBuildFile; fileRef = C1F940DC1BB51A7C0010F664 /* CFNetwork.framework */; };
		C1F940DF1BB51A820010F664 /* SystemConfiguration.framework in Frameworks */ = {isa = PBXBuildFile; fileRef = C1F940DE1BB51A820010F664 /* SystemConfiguration.framework */; };
		C1F940E11BB51A8E0010F664 /* Security.framework in Frameworks */ = {isa = PBXBuildFile; fileRef = C1F940E01BB51A8E0010F664 /* Security.framework */; };
		C1F9411C1BB51ABF0010F664 /* GrowthAnalytics.cpp in Sources */ = {isa = PBXBuildFile; fileRef = C1F940E41BB51ABF0010F664 /* GrowthAnalytics.cpp */; settings = {ASSET_TAGS = (); }; };
		C1F9411D1BB51ABF0010F664 /* GrowthAnalyticsInstance.cpp in Sources */ = {isa = PBXBuildFile; fileRef = C1F940E91BB51ABF0010F664 /* GrowthAnalyticsInstance.cpp */; settings = {ASSET_TAGS = (); }; };
		C1F9411E1BB51ABF0010F664 /* GrowthAnalytics.mm in Sources */ = {isa = PBXBuildFile; fileRef = C1F940EB1BB51ABF0010F664 /* GrowthAnalytics.mm */; settings = {ASSET_TAGS = (); }; };
		C1F9411F1BB51ABF0010F664 /* GrowthAnalyticsCCInternal.m in Sources */ = {isa = PBXBuildFile; fileRef = C1F940ED1BB51ABF0010F664 /* GrowthAnalyticsCCInternal.m */; settings = {ASSET_TAGS = (); }; };
		C1F941201BB51ABF0010F664 /* Growthbeat.cpp in Sources */ = {isa = PBXBuildFile; fileRef = C1F940F01BB51ABF0010F664 /* Growthbeat.cpp */; settings = {ASSET_TAGS = (); }; };
		C1F941211BB51ABF0010F664 /* GrowthbeatInstance.cpp in Sources */ = {isa = PBXBuildFile; fileRef = C1F940F41BB51ABF0010F664 /* GrowthbeatInstance.cpp */; settings = {ASSET_TAGS = (); }; };
		C1F941221BB51ABF0010F664 /* Growthbeat.mm in Sources */ = {isa = PBXBuildFile; fileRef = C1F940F61BB51ABF0010F664 /* Growthbeat.mm */; settings = {ASSET_TAGS = (); }; };
		C1F941231BB51ABF0010F664 /* GrowthbeatCCInternal.m in Sources */ = {isa = PBXBuildFile; fileRef = C1F940F81BB51ABF0010F664 /* GrowthbeatCCInternal.m */; settings = {ASSET_TAGS = (); }; };
		C1F941241BB51ABF0010F664 /* GrowthbeatCore.cpp in Sources */ = {isa = PBXBuildFile; fileRef = C1F940FB1BB51ABF0010F664 /* GrowthbeatCore.cpp */; settings = {ASSET_TAGS = (); }; };
		C1F941251BB51ABF0010F664 /* GrowthbeatCoreInstance.cpp in Sources */ = {isa = PBXBuildFile; fileRef = C1F940FE1BB51ABF0010F664 /* GrowthbeatCoreInstance.cpp */; settings = {ASSET_TAGS = (); }; };
		C1F941261BB51ABF0010F664 /* GBCustomIntent.c in Sources */ = {isa = PBXBuildFile; fileRef = C1F941001BB51ABF0010F664 /* GBCustomIntent.c */; settings = {ASSET_TAGS = (); }; };
		C1F941271BB51ABF0010F664 /* GrowthbeatCore.mm in Sources */ = {isa = PBXBuildFile; fileRef = C1F941021BB51ABF0010F664 /* GrowthbeatCore.mm */; settings = {ASSET_TAGS = (); }; };
		C1F941281BB51ABF0010F664 /* GrowthbeatCoreCCInternal.m in Sources */ = {isa = PBXBuildFile; fileRef = C1F941041BB51ABF0010F664 /* GrowthbeatCoreCCInternal.m */; settings = {ASSET_TAGS = (); }; };
		C1F941291BB51ABF0010F664 /* GrowthLink.cpp in Sources */ = {isa = PBXBuildFile; fileRef = C1F941071BB51ABF0010F664 /* GrowthLink.cpp */; settings = {ASSET_TAGS = (); }; };
		C1F9412A1BB51ABF0010F664 /* GrowthLinkInstance.cpp in Sources */ = {isa = PBXBuildFile; fileRef = C1F9410A1BB51ABF0010F664 /* GrowthLinkInstance.cpp */; settings = {ASSET_TAGS = (); }; };
		C1F9412B1BB51ABF0010F664 /* GrowthLink.mm in Sources */ = {isa = PBXBuildFile; fileRef = C1F9410C1BB51ABF0010F664 /* GrowthLink.mm */; settings = {ASSET_TAGS = (); }; };
		C1F9412C1BB51ABF0010F664 /* GrowthLinkCCinternal.m in Sources */ = {isa = PBXBuildFile; fileRef = C1F9410E1BB51ABF0010F664 /* GrowthLinkCCinternal.m */; settings = {ASSET_TAGS = (); }; };
		C1F9412D1BB51ABF0010F664 /* GrowthLinkPlugin.m in Sources */ = {isa = PBXBuildFile; fileRef = C1F941101BB51ABF0010F664 /* GrowthLinkPlugin.m */; settings = {ASSET_TAGS = (); }; };
		C1F9412E1BB51ABF0010F664 /* GrowthPush.cpp in Sources */ = {isa = PBXBuildFile; fileRef = C1F941131BB51ABF0010F664 /* GrowthPush.cpp */; settings = {ASSET_TAGS = (); }; };
		C1F9412F1BB51ABF0010F664 /* GrowthPushInstance.cpp in Sources */ = {isa = PBXBuildFile; fileRef = C1F941171BB51ABF0010F664 /* GrowthPushInstance.cpp */; settings = {ASSET_TAGS = (); }; };
		C1F941301BB51ABF0010F664 /* GrowthPush.mm in Sources */ = {isa = PBXBuildFile; fileRef = C1F941191BB51ABF0010F664 /* GrowthPush.mm */; settings = {ASSET_TAGS = (); }; };
		C1F941311BB51ABF0010F664 /* GrowthPushCCInternal.m in Sources */ = {isa = PBXBuildFile; fileRef = C1F9411B1BB51ABF0010F664 /* GrowthPushCCInternal.m */; settings = {ASSET_TAGS = (); }; };
		D44C620C132DFF330009C878 /* OpenAL.framework in Frameworks */ = {isa = PBXBuildFile; fileRef = D44C620B132DFF330009C878 /* OpenAL.framework */; };
		D44C620E132DFF430009C878 /* AVFoundation.framework in Frameworks */ = {isa = PBXBuildFile; fileRef = D44C620D132DFF430009C878 /* AVFoundation.framework */; };
		D44C6210132DFF4E0009C878 /* AudioToolbox.framework in Frameworks */ = {isa = PBXBuildFile; fileRef = D44C620F132DFF4E0009C878 /* AudioToolbox.framework */; };
		D6B0611B1803AB670077942B /* CoreMotion.framework in Frameworks */ = {isa = PBXBuildFile; fileRef = D6B0611A1803AB670077942B /* CoreMotion.framework */; };
/* End PBXBuildFile section */

/* Begin PBXContainerItemProxy section */
		1AC6FAF8180E9839004C840B /* PBXContainerItemProxy */ = {
			isa = PBXContainerItemProxy;
			containerPortal = 1AC6FAE5180E9839004C840B /* cocos2d_libs.xcodeproj */;
			proxyType = 2;
			remoteGlobalIDString = 1551A33F158F2AB200E66CFE;
			remoteInfo = "cocos2dx Mac";
		};
		1AC6FB06180E9839004C840B /* PBXContainerItemProxy */ = {
			isa = PBXContainerItemProxy;
			containerPortal = 1AC6FAE5180E9839004C840B /* cocos2d_libs.xcodeproj */;
			proxyType = 2;
			remoteGlobalIDString = A07A4D641783777C0073F6A7;
			remoteInfo = "cocos2dx iOS";
		};
		1AC6FB24180E99E1004C840B /* PBXContainerItemProxy */ = {
			isa = PBXContainerItemProxy;
			containerPortal = 1AC6FAE5180E9839004C840B /* cocos2d_libs.xcodeproj */;
			proxyType = 1;
			remoteGlobalIDString = A07A4C241783777C0073F6A7;
			remoteInfo = "cocos2dx iOS";
		};
/* End PBXContainerItemProxy section */

/* Begin PBXFileReference section */
		1AC6FAE5180E9839004C840B /* cocos2d_libs.xcodeproj */ = {isa = PBXFileReference; lastKnownFileType = "wrapper.pb-project"; name = cocos2d_libs.xcodeproj; path = ../cocos2d/build/cocos2d_libs.xcodeproj; sourceTree = "<group>"; };
		1ACB3243164770DE00914215 /* libcurl.a */ = {isa = PBXFileReference; lastKnownFileType = archive.ar; name = libcurl.a; path = ../../cocos2dx/platform/third_party/ios/libraries/libcurl.a; sourceTree = "<group>"; };
		1D30AB110D05D00D00671497 /* Foundation.framework */ = {isa = PBXFileReference; lastKnownFileType = wrapper.framework; name = Foundation.framework; path = System/Library/Frameworks/Foundation.framework; sourceTree = SDKROOT; };
		1D6058910D05DD3D006BFB54 /* GrowthbeatSample iOS.app */ = {isa = PBXFileReference; explicitFileType = wrapper.application; includeInIndex = 0; path = "GrowthbeatSample iOS.app"; sourceTree = BUILT_PRODUCTS_DIR; };
		1DF5F4DF0D08C38300B7A737 /* UIKit.framework */ = {isa = PBXFileReference; lastKnownFileType = wrapper.framework; name = UIKit.framework; path = System/Library/Frameworks/UIKit.framework; sourceTree = SDKROOT; };
		288765A40DF7441C002DB57D /* CoreGraphics.framework */ = {isa = PBXFileReference; lastKnownFileType = wrapper.framework; name = CoreGraphics.framework; path = System/Library/Frameworks/CoreGraphics.framework; sourceTree = SDKROOT; };
		3EACC98E19EE6D4300EB3C5E /* res */ = {isa = PBXFileReference; lastKnownFileType = folder; path = res; sourceTree = "<group>"; };
		46880B7619C43A67006E1F66 /* CloseNormal.png */ = {isa = PBXFileReference; lastKnownFileType = image.png; path = CloseNormal.png; sourceTree = "<group>"; };
		46880B7719C43A67006E1F66 /* CloseSelected.png */ = {isa = PBXFileReference; lastKnownFileType = image.png; path = CloseSelected.png; sourceTree = "<group>"; };
		46880B7A19C43A67006E1F66 /* HelloWorld.png */ = {isa = PBXFileReference; lastKnownFileType = image.png; path = HelloWorld.png; sourceTree = "<group>"; };
		46880B8419C43A87006E1F66 /* AppDelegate.cpp */ = {isa = PBXFileReference; fileEncoding = 4; lastKnownFileType = sourcecode.cpp.cpp; path = AppDelegate.cpp; sourceTree = "<group>"; };
		46880B8519C43A87006E1F66 /* AppDelegate.h */ = {isa = PBXFileReference; fileEncoding = 4; lastKnownFileType = sourcecode.c.h; path = AppDelegate.h; sourceTree = "<group>"; };
		46880B8619C43A87006E1F66 /* HelloWorldScene.cpp */ = {isa = PBXFileReference; fileEncoding = 4; lastKnownFileType = sourcecode.cpp.cpp; path = HelloWorldScene.cpp; sourceTree = "<group>"; };
		46880B8719C43A87006E1F66 /* HelloWorldScene.h */ = {isa = PBXFileReference; fileEncoding = 4; lastKnownFileType = sourcecode.c.h; path = HelloWorldScene.h; sourceTree = "<group>"; };
		503AE0F617EB97AB00D1A890 /* Icon.icns */ = {isa = PBXFileReference; lastKnownFileType = image.icns; path = Icon.icns; sourceTree = "<group>"; };
		503AE0F717EB97AB00D1A890 /* Info.plist */ = {isa = PBXFileReference; fileEncoding = 4; lastKnownFileType = text.plist.xml; path = Info.plist; sourceTree = "<group>"; };
		503AE0FA17EB989F00D1A890 /* AppController.h */ = {isa = PBXFileReference; fileEncoding = 4; lastKnownFileType = sourcecode.c.h; name = AppController.h; path = ios/AppController.h; sourceTree = SOURCE_ROOT; };
		503AE0FB17EB989F00D1A890 /* AppController.mm */ = {isa = PBXFileReference; fileEncoding = 4; lastKnownFileType = sourcecode.cpp.objcpp; name = AppController.mm; path = ios/AppController.mm; sourceTree = SOURCE_ROOT; };
		503AE0FC17EB989F00D1A890 /* main.m */ = {isa = PBXFileReference; fileEncoding = 4; lastKnownFileType = sourcecode.c.objc; name = main.m; path = ios/main.m; sourceTree = SOURCE_ROOT; };
		503AE0FD17EB989F00D1A890 /* Prefix.pch */ = {isa = PBXFileReference; fileEncoding = 4; lastKnownFileType = sourcecode.c.h; name = Prefix.pch; path = ios/Prefix.pch; sourceTree = SOURCE_ROOT; };
		503AE0FE17EB989F00D1A890 /* RootViewController.h */ = {isa = PBXFileReference; fileEncoding = 4; lastKnownFileType = sourcecode.c.h; name = RootViewController.h; path = ios/RootViewController.h; sourceTree = SOURCE_ROOT; };
		503AE0FF17EB989F00D1A890 /* RootViewController.mm */ = {isa = PBXFileReference; fileEncoding = 4; lastKnownFileType = sourcecode.cpp.objcpp; name = RootViewController.mm; path = ios/RootViewController.mm; sourceTree = SOURCE_ROOT; };
		503AE10317EB98FF00D1A890 /* main.cpp */ = {isa = PBXFileReference; fileEncoding = 4; lastKnownFileType = sourcecode.cpp.cpp; name = main.cpp; path = mac/main.cpp; sourceTree = "<group>"; };
		503AE10417EB98FF00D1A890 /* Prefix.pch */ = {isa = PBXFileReference; fileEncoding = 4; lastKnownFileType = sourcecode.c.h; name = Prefix.pch; path = mac/Prefix.pch; sourceTree = "<group>"; };
		503AE11117EB99EE00D1A890 /* libcurl.dylib */ = {isa = PBXFileReference; lastKnownFileType = "compiled.mach-o.dylib"; name = libcurl.dylib; path = usr/lib/libcurl.dylib; sourceTree = SDKROOT; };
		503AE11A17EB9C5A00D1A890 /* IOKit.framework */ = {isa = PBXFileReference; lastKnownFileType = wrapper.framework; name = IOKit.framework; path = System/Library/Frameworks/IOKit.framework; sourceTree = SDKROOT; };
		5087E77217EB970100C73F5D /* Default-568h@2x.png */ = {isa = PBXFileReference; lastKnownFileType = image.png; path = "Default-568h@2x.png"; sourceTree = "<group>"; };
		5087E77317EB970100C73F5D /* Default.png */ = {isa = PBXFileReference; lastKnownFileType = image.png; path = Default.png; sourceTree = "<group>"; };
		5087E77417EB970100C73F5D /* Default@2x.png */ = {isa = PBXFileReference; lastKnownFileType = image.png; path = "Default@2x.png"; sourceTree = "<group>"; };
		5087E77517EB970100C73F5D /* Icon-114.png */ = {isa = PBXFileReference; lastKnownFileType = image.png; path = "Icon-114.png"; sourceTree = "<group>"; };
		5087E77617EB970100C73F5D /* Icon-120.png */ = {isa = PBXFileReference; lastKnownFileType = image.png; path = "Icon-120.png"; sourceTree = "<group>"; };
		5087E77717EB970100C73F5D /* Icon-144.png */ = {isa = PBXFileReference; lastKnownFileType = image.png; path = "Icon-144.png"; sourceTree = "<group>"; };
		5087E77817EB970100C73F5D /* Icon-152.png */ = {isa = PBXFileReference; lastKnownFileType = image.png; path = "Icon-152.png"; sourceTree = "<group>"; };
		5087E77917EB970100C73F5D /* Icon-57.png */ = {isa = PBXFileReference; lastKnownFileType = image.png; path = "Icon-57.png"; sourceTree = "<group>"; };
		5087E77A17EB970100C73F5D /* Icon-72.png */ = {isa = PBXFileReference; lastKnownFileType = image.png; path = "Icon-72.png"; sourceTree = "<group>"; };
		5087E77B17EB970100C73F5D /* Icon-76.png */ = {isa = PBXFileReference; lastKnownFileType = image.png; path = "Icon-76.png"; sourceTree = "<group>"; };
		5087E77C17EB970100C73F5D /* Info.plist */ = {isa = PBXFileReference; fileEncoding = 4; lastKnownFileType = text.plist.xml; path = Info.plist; sourceTree = "<group>"; };
		5087E78817EB974C00C73F5D /* AppKit.framework */ = {isa = PBXFileReference; lastKnownFileType = wrapper.framework; name = AppKit.framework; path = System/Library/Frameworks/AppKit.framework; sourceTree = SDKROOT; };
		5087E78A17EB975400C73F5D /* OpenGL.framework */ = {isa = PBXFileReference; lastKnownFileType = wrapper.framework; name = OpenGL.framework; path = System/Library/Frameworks/OpenGL.framework; sourceTree = SDKROOT; };
		50EF629217ECD46A001EB2F8 /* Icon-40.png */ = {isa = PBXFileReference; lastKnownFileType = image.png; path = "Icon-40.png"; sourceTree = "<group>"; };
		50EF629317ECD46A001EB2F8 /* Icon-58.png */ = {isa = PBXFileReference; lastKnownFileType = image.png; path = "Icon-58.png"; sourceTree = "<group>"; };
		50EF629417ECD46A001EB2F8 /* Icon-80.png */ = {isa = PBXFileReference; lastKnownFileType = image.png; path = "Icon-80.png"; sourceTree = "<group>"; };
		50EF629517ECD46A001EB2F8 /* Icon-100.png */ = {isa = PBXFileReference; lastKnownFileType = image.png; path = "Icon-100.png"; sourceTree = "<group>"; };
		50EF62A017ECD613001EB2F8 /* Icon-29.png */ = {isa = PBXFileReference; lastKnownFileType = image.png; path = "Icon-29.png"; sourceTree = "<group>"; };
		50EF62A117ECD613001EB2F8 /* Icon-50.png */ = {isa = PBXFileReference; lastKnownFileType = image.png; path = "Icon-50.png"; sourceTree = "<group>"; };
		521A8E6219F0C34300D177D7 /* Default-667h@2x.png */ = {isa = PBXFileReference; lastKnownFileType = image.png; path = "Default-667h@2x.png"; sourceTree = "<group>"; };
		521A8E6319F0C34300D177D7 /* Default-736h@3x.png */ = {isa = PBXFileReference; lastKnownFileType = image.png; path = "Default-736h@3x.png"; sourceTree = "<group>"; };
		521A8EA819F11F5000D177D7 /* fonts */ = {isa = PBXFileReference; lastKnownFileType = folder; path = fonts; sourceTree = "<group>"; };
		52B47A461A53D09B004E4C60 /* Security.framework */ = {isa = PBXFileReference; lastKnownFileType = wrapper.framework; name = Security.framework; path = Platforms/iPhoneOS.platform/Developer/SDKs/iPhoneOS8.1.sdk/System/Library/Frameworks/Security.framework; sourceTree = DEVELOPER_DIR; };
		8262943D1AAF051F00CB7CF7 /* Security.framework */ = {isa = PBXFileReference; lastKnownFileType = wrapper.framework; name = Security.framework; path = System/Library/Frameworks/Security.framework; sourceTree = SDKROOT; };
		BF170DB012928DE900B8313A /* OpenGLES.framework */ = {isa = PBXFileReference; lastKnownFileType = wrapper.framework; name = OpenGLES.framework; path = System/Library/Frameworks/OpenGLES.framework; sourceTree = SDKROOT; };
		BF170DB412928DE900B8313A /* libz.dylib */ = {isa = PBXFileReference; lastKnownFileType = "compiled.mach-o.dylib"; name = libz.dylib; path = usr/lib/libz.dylib; sourceTree = SDKROOT; };
		BF1C47EA1293683800B63C5D /* QuartzCore.framework */ = {isa = PBXFileReference; lastKnownFileType = wrapper.framework; name = QuartzCore.framework; path = System/Library/Frameworks/QuartzCore.framework; sourceTree = SDKROOT; };
		C11188F91BB7D0620015663B /* GPAppDelegateIntercepter.h */ = {isa = PBXFileReference; fileEncoding = 4; lastKnownFileType = sourcecode.c.h; path = GPAppDelegateIntercepter.h; sourceTree = "<group>"; };
		C11188FA1BB7D0620015663B /* GPAppDelegateIntercepter.m */ = {isa = PBXFileReference; fileEncoding = 4; lastKnownFileType = sourcecode.c.objc; path = GPAppDelegateIntercepter.m; sourceTree = "<group>"; };
		C11188FB1BB7D0620015663B /* GPAppDelegateWrapper.h */ = {isa = PBXFileReference; fileEncoding = 4; lastKnownFileType = sourcecode.c.h; path = GPAppDelegateWrapper.h; sourceTree = "<group>"; };
		C16A9AF51BB7D58F0071EFDE /* GPAppDelegateWrapperDelegate.h */ = {isa = PBXFileReference; fileEncoding = 4; lastKnownFileType = sourcecode.c.h; path = GPAppDelegateWrapperDelegate.h; sourceTree = "<group>"; };
		C16A9AF61BB7D60F0071EFDE /* GPAppDelegateWrapper.m */ = {isa = PBXFileReference; fileEncoding = 4; lastKnownFileType = sourcecode.c.objc; path = GPAppDelegateWrapper.m; sourceTree = "<group>"; };
		C16A9AF81BB7D6BF0071EFDE /* UIApplication+GrowthPush.h */ = {isa = PBXFileReference; fileEncoding = 4; lastKnownFileType = sourcecode.c.h; path = "UIApplication+GrowthPush.h"; sourceTree = "<group>"; };
		C16A9AF91BB7D6BF0071EFDE /* UIApplication+GrowthPush.m */ = {isa = PBXFileReference; fileEncoding = 4; lastKnownFileType = sourcecode.c.objc; path = "UIApplication+GrowthPush.m"; sourceTree = "<group>"; };
		C1F940D41BB51A500010F664 /* Growthbeat.framework */ = {isa = PBXFileReference; lastKnownFileType = wrapper.framework; path = Growthbeat.framework; sourceTree = "<group>"; };
		C1F940D51BB51A500010F664 /* GrowthLink.framework */ = {isa = PBXFileReference; lastKnownFileType = wrapper.framework; path = GrowthLink.framework; sourceTree = "<group>"; };
		C1F940D81BB51A560010F664 /* libiconv.2.4.0.tbd */ = {isa = PBXFileReference; lastKnownFileType = "sourcecode.text-based-dylib-definition"; name = libiconv.2.4.0.tbd; path = Platforms/iPhoneOS.platform/Developer/SDKs/iPhoneOS9.0.sdk/usr/lib/libiconv.2.4.0.tbd; sourceTree = DEVELOPER_DIR; };
		C1F940DA1BB51A750010F664 /* AdSupport.framework */ = {isa = PBXFileReference; lastKnownFileType = wrapper.framework; name = AdSupport.framework; path = Platforms/iPhoneOS.platform/Developer/SDKs/iPhoneOS9.0.sdk/System/Library/Frameworks/AdSupport.framework; sourceTree = DEVELOPER_DIR; };
		C1F940DC1BB51A7C0010F664 /* CFNetwork.framework */ = {isa = PBXFileReference; lastKnownFileType = wrapper.framework; name = CFNetwork.framework; path = Platforms/iPhoneOS.platform/Developer/SDKs/iPhoneOS9.0.sdk/System/Library/Frameworks/CFNetwork.framework; sourceTree = DEVELOPER_DIR; };
		C1F940DE1BB51A820010F664 /* SystemConfiguration.framework */ = {isa = PBXFileReference; lastKnownFileType = wrapper.framework; name = SystemConfiguration.framework; path = Platforms/iPhoneOS.platform/Developer/SDKs/iPhoneOS9.0.sdk/System/Library/Frameworks/SystemConfiguration.framework; sourceTree = DEVELOPER_DIR; };
		C1F940E01BB51A8E0010F664 /* Security.framework */ = {isa = PBXFileReference; lastKnownFileType = wrapper.framework; name = Security.framework; path = Platforms/iPhoneOS.platform/Developer/SDKs/iPhoneOS9.0.sdk/System/Library/Frameworks/Security.framework; sourceTree = DEVELOPER_DIR; };
		C1F940E41BB51ABF0010F664 /* GrowthAnalytics.cpp */ = {isa = PBXFileReference; fileEncoding = 4; lastKnownFileType = sourcecode.cpp.cpp; path = GrowthAnalytics.cpp; sourceTree = "<group>"; };
		C1F940E51BB51ABF0010F664 /* GAGender.h */ = {isa = PBXFileReference; fileEncoding = 4; lastKnownFileType = sourcecode.c.h; path = GAGender.h; sourceTree = "<group>"; };
		C1F940E61BB51ABF0010F664 /* GAMacros.h */ = {isa = PBXFileReference; fileEncoding = 4; lastKnownFileType = sourcecode.c.h; path = GAMacros.h; sourceTree = "<group>"; };
		C1F940E71BB51ABF0010F664 /* GATrackOption.h */ = {isa = PBXFileReference; fileEncoding = 4; lastKnownFileType = sourcecode.c.h; path = GATrackOption.h; sourceTree = "<group>"; };
		C1F940E81BB51ABF0010F664 /* GrowthAnalytics.h */ = {isa = PBXFileReference; fileEncoding = 4; lastKnownFileType = sourcecode.c.h; path = GrowthAnalytics.h; sourceTree = "<group>"; };
		C1F940E91BB51ABF0010F664 /* GrowthAnalyticsInstance.cpp */ = {isa = PBXFileReference; fileEncoding = 4; lastKnownFileType = sourcecode.cpp.cpp; path = GrowthAnalyticsInstance.cpp; sourceTree = "<group>"; };
		C1F940EB1BB51ABF0010F664 /* GrowthAnalytics.mm */ = {isa = PBXFileReference; fileEncoding = 4; lastKnownFileType = sourcecode.cpp.objcpp; path = GrowthAnalytics.mm; sourceTree = "<group>"; };
		C1F940EC1BB51ABF0010F664 /* GrowthAnalyticsCCInternal.h */ = {isa = PBXFileReference; fileEncoding = 4; lastKnownFileType = sourcecode.c.h; path = GrowthAnalyticsCCInternal.h; sourceTree = "<group>"; };
		C1F940ED1BB51ABF0010F664 /* GrowthAnalyticsCCInternal.m */ = {isa = PBXFileReference; fileEncoding = 4; lastKnownFileType = sourcecode.c.objc; path = GrowthAnalyticsCCInternal.m; sourceTree = "<group>"; };
		C1F940F01BB51ABF0010F664 /* Growthbeat.cpp */ = {isa = PBXFileReference; fileEncoding = 4; lastKnownFileType = sourcecode.cpp.cpp; path = Growthbeat.cpp; sourceTree = "<group>"; };
		C1F940F11BB51ABF0010F664 /* GbJsonHelper.h */ = {isa = PBXFileReference; fileEncoding = 4; lastKnownFileType = sourcecode.c.h; path = GbJsonHelper.h; sourceTree = "<group>"; };
		C1F940F21BB51ABF0010F664 /* GbMacros.h */ = {isa = PBXFileReference; fileEncoding = 4; lastKnownFileType = sourcecode.c.h; path = GbMacros.h; sourceTree = "<group>"; };
		C1F940F31BB51ABF0010F664 /* Growthbeat.h */ = {isa = PBXFileReference; fileEncoding = 4; lastKnownFileType = sourcecode.c.h; path = Growthbeat.h; sourceTree = "<group>"; };
		C1F940F41BB51ABF0010F664 /* GrowthbeatInstance.cpp */ = {isa = PBXFileReference; fileEncoding = 4; lastKnownFileType = sourcecode.cpp.cpp; path = GrowthbeatInstance.cpp; sourceTree = "<group>"; };
		C1F940F61BB51ABF0010F664 /* Growthbeat.mm */ = {isa = PBXFileReference; fileEncoding = 4; lastKnownFileType = sourcecode.cpp.objcpp; path = Growthbeat.mm; sourceTree = "<group>"; };
		C1F940F71BB51ABF0010F664 /* GrowthbeatCCInternal.h */ = {isa = PBXFileReference; fileEncoding = 4; lastKnownFileType = sourcecode.c.h; path = GrowthbeatCCInternal.h; sourceTree = "<group>"; };
		C1F940F81BB51ABF0010F664 /* GrowthbeatCCInternal.m */ = {isa = PBXFileReference; fileEncoding = 4; lastKnownFileType = sourcecode.c.objc; path = GrowthbeatCCInternal.m; sourceTree = "<group>"; };
		C1F940FB1BB51ABF0010F664 /* GrowthbeatCore.cpp */ = {isa = PBXFileReference; fileEncoding = 4; lastKnownFileType = sourcecode.cpp.cpp; path = GrowthbeatCore.cpp; sourceTree = "<group>"; };
		C1F940FC1BB51ABF0010F664 /* GBCMacros.h */ = {isa = PBXFileReference; fileEncoding = 4; lastKnownFileType = sourcecode.c.h; path = GBCMacros.h; sourceTree = "<group>"; };
		C1F940FD1BB51ABF0010F664 /* GrowthbeatCore.h */ = {isa = PBXFileReference; fileEncoding = 4; lastKnownFileType = sourcecode.c.h; path = GrowthbeatCore.h; sourceTree = "<group>"; };
		C1F940FE1BB51ABF0010F664 /* GrowthbeatCoreInstance.cpp */ = {isa = PBXFileReference; fileEncoding = 4; lastKnownFileType = sourcecode.cpp.cpp; path = GrowthbeatCoreInstance.cpp; sourceTree = "<group>"; };
		C1F941001BB51ABF0010F664 /* GBCustomIntent.c */ = {isa = PBXFileReference; fileEncoding = 4; lastKnownFileType = sourcecode.c.c; path = GBCustomIntent.c; sourceTree = "<group>"; };
		C1F941011BB51ABF0010F664 /* GBCustomIntent.h */ = {isa = PBXFileReference; fileEncoding = 4; lastKnownFileType = sourcecode.c.h; path = GBCustomIntent.h; sourceTree = "<group>"; };
		C1F941021BB51ABF0010F664 /* GrowthbeatCore.mm */ = {isa = PBXFileReference; fileEncoding = 4; lastKnownFileType = sourcecode.cpp.objcpp; path = GrowthbeatCore.mm; sourceTree = "<group>"; };
		C1F941031BB51ABF0010F664 /* GrowthbeatCoreCCInternal.h */ = {isa = PBXFileReference; fileEncoding = 4; lastKnownFileType = sourcecode.c.h; path = GrowthbeatCoreCCInternal.h; sourceTree = "<group>"; };
		C1F941041BB51ABF0010F664 /* GrowthbeatCoreCCInternal.m */ = {isa = PBXFileReference; fileEncoding = 4; lastKnownFileType = sourcecode.c.objc; path = GrowthbeatCoreCCInternal.m; sourceTree = "<group>"; };
		C1F941071BB51ABF0010F664 /* GrowthLink.cpp */ = {isa = PBXFileReference; fileEncoding = 4; lastKnownFileType = sourcecode.cpp.cpp; path = GrowthLink.cpp; sourceTree = "<group>"; };
		C1F941081BB51ABF0010F664 /* GLMacros.h */ = {isa = PBXFileReference; fileEncoding = 4; lastKnownFileType = sourcecode.c.h; path = GLMacros.h; sourceTree = "<group>"; };
		C1F941091BB51ABF0010F664 /* GrowthLink.h */ = {isa = PBXFileReference; fileEncoding = 4; lastKnownFileType = sourcecode.c.h; path = GrowthLink.h; sourceTree = "<group>"; };
		C1F9410A1BB51ABF0010F664 /* GrowthLinkInstance.cpp */ = {isa = PBXFileReference; fileEncoding = 4; lastKnownFileType = sourcecode.cpp.cpp; path = GrowthLinkInstance.cpp; sourceTree = "<group>"; };
		C1F9410C1BB51ABF0010F664 /* GrowthLink.mm */ = {isa = PBXFileReference; fileEncoding = 4; lastKnownFileType = sourcecode.cpp.objcpp; path = GrowthLink.mm; sourceTree = "<group>"; };
		C1F9410D1BB51ABF0010F664 /* GrowthLinkCCInternal.h */ = {isa = PBXFileReference; fileEncoding = 4; lastKnownFileType = sourcecode.c.h; path = GrowthLinkCCInternal.h; sourceTree = "<group>"; };
		C1F9410E1BB51ABF0010F664 /* GrowthLinkCCinternal.m */ = {isa = PBXFileReference; fileEncoding = 4; lastKnownFileType = sourcecode.c.objc; path = GrowthLinkCCinternal.m; sourceTree = "<group>"; };
		C1F9410F1BB51ABF0010F664 /* GrowthLinkPlugin.h */ = {isa = PBXFileReference; fileEncoding = 4; lastKnownFileType = sourcecode.c.h; path = GrowthLinkPlugin.h; sourceTree = "<group>"; };
		C1F941101BB51ABF0010F664 /* GrowthLinkPlugin.m */ = {isa = PBXFileReference; fileEncoding = 4; lastKnownFileType = sourcecode.c.objc; path = GrowthLinkPlugin.m; sourceTree = "<group>"; };
		C1F941131BB51ABF0010F664 /* GrowthPush.cpp */ = {isa = PBXFileReference; fileEncoding = 4; lastKnownFileType = sourcecode.cpp.cpp; path = GrowthPush.cpp; sourceTree = "<group>"; };
		C1F941141BB51ABF0010F664 /* GPEnvironment.h */ = {isa = PBXFileReference; fileEncoding = 4; lastKnownFileType = sourcecode.c.h; path = GPEnvironment.h; sourceTree = "<group>"; };
		C1F941151BB51ABF0010F664 /* GPMacros.h */ = {isa = PBXFileReference; fileEncoding = 4; lastKnownFileType = sourcecode.c.h; path = GPMacros.h; sourceTree = "<group>"; };
		C1F941161BB51ABF0010F664 /* GrowthPush.h */ = {isa = PBXFileReference; fileEncoding = 4; lastKnownFileType = sourcecode.c.h; path = GrowthPush.h; sourceTree = "<group>"; };
		C1F941171BB51ABF0010F664 /* GrowthPushInstance.cpp */ = {isa = PBXFileReference; fileEncoding = 4; lastKnownFileType = sourcecode.cpp.cpp; path = GrowthPushInstance.cpp; sourceTree = "<group>"; };
		C1F941191BB51ABF0010F664 /* GrowthPush.mm */ = {isa = PBXFileReference; fileEncoding = 4; lastKnownFileType = sourcecode.cpp.objcpp; path = GrowthPush.mm; sourceTree = "<group>"; };
		C1F9411A1BB51ABF0010F664 /* GrowthPushCCInternal.h */ = {isa = PBXFileReference; fileEncoding = 4; lastKnownFileType = sourcecode.c.h; path = GrowthPushCCInternal.h; sourceTree = "<group>"; };
		C1F9411B1BB51ABF0010F664 /* GrowthPushCCInternal.m */ = {isa = PBXFileReference; fileEncoding = 4; lastKnownFileType = sourcecode.c.objc; path = GrowthPushCCInternal.m; sourceTree = "<group>"; };
		D44C620B132DFF330009C878 /* OpenAL.framework */ = {isa = PBXFileReference; lastKnownFileType = wrapper.framework; name = OpenAL.framework; path = System/Library/Frameworks/OpenAL.framework; sourceTree = SDKROOT; };
		D44C620D132DFF430009C878 /* AVFoundation.framework */ = {isa = PBXFileReference; lastKnownFileType = wrapper.framework; name = AVFoundation.framework; path = System/Library/Frameworks/AVFoundation.framework; sourceTree = SDKROOT; };
		D44C620F132DFF4E0009C878 /* AudioToolbox.framework */ = {isa = PBXFileReference; lastKnownFileType = wrapper.framework; name = AudioToolbox.framework; path = System/Library/Frameworks/AudioToolbox.framework; sourceTree = SDKROOT; };
		D6B0611A1803AB670077942B /* CoreMotion.framework */ = {isa = PBXFileReference; lastKnownFileType = wrapper.framework; name = CoreMotion.framework; path = Platforms/iPhoneOS.platform/Developer/SDKs/iPhoneOS7.0.sdk/System/Library/Frameworks/CoreMotion.framework; sourceTree = DEVELOPER_DIR; };
/* End PBXFileReference section */

/* Begin PBXFrameworksBuildPhase section */
		1D60588F0D05DD3D006BFB54 /* Frameworks */ = {
			isa = PBXFrameworksBuildPhase;
			buildActionMask = 2147483647;
			files = (
				C1F940E11BB51A8E0010F664 /* Security.framework in Frameworks */,
				C1F940DF1BB51A820010F664 /* SystemConfiguration.framework in Frameworks */,
				C1F940DD1BB51A7C0010F664 /* CFNetwork.framework in Frameworks */,
				C1F940DB1BB51A750010F664 /* AdSupport.framework in Frameworks */,
				C1F940D91BB51A560010F664 /* libiconv.2.4.0.tbd in Frameworks */,
				C1F940D61BB51A500010F664 /* Growthbeat.framework in Frameworks */,
				C1F940D71BB51A500010F664 /* GrowthLink.framework in Frameworks */,
				52B47A471A53D09C004E4C60 /* Security.framework in Frameworks */,
				1AC6FB30180E99EB004C840B /* libcocos2d iOS.a in Frameworks */,
				D6B0611B1803AB670077942B /* CoreMotion.framework in Frameworks */,
				1D60589F0D05DD5A006BFB54 /* Foundation.framework in Frameworks */,
				1DF5F4E00D08C38300B7A737 /* UIKit.framework in Frameworks */,
				288765A50DF7441C002DB57D /* CoreGraphics.framework in Frameworks */,
				BF171245129291EC00B8313A /* OpenGLES.framework in Frameworks */,
				BF1712471292920000B8313A /* libz.dylib in Frameworks */,
				BF1C47F01293687400B63C5D /* QuartzCore.framework in Frameworks */,
				D44C620C132DFF330009C878 /* OpenAL.framework in Frameworks */,
				D44C620E132DFF430009C878 /* AVFoundation.framework in Frameworks */,
				D44C6210132DFF4E0009C878 /* AudioToolbox.framework in Frameworks */,
			);
			runOnlyForDeploymentPostprocessing = 0;
		};
/* End PBXFrameworksBuildPhase section */

/* Begin PBXGroup section */
		080E96DDFE201D6D7F000001 /* ios */ = {
			isa = PBXGroup;
			children = (
				5087E77117EB970100C73F5D /* Icons */,
				503AE0FA17EB989F00D1A890 /* AppController.h */,
				503AE0FB17EB989F00D1A890 /* AppController.mm */,
				503AE0FC17EB989F00D1A890 /* main.m */,
				503AE0FD17EB989F00D1A890 /* Prefix.pch */,
				503AE0FE17EB989F00D1A890 /* RootViewController.h */,
				503AE0FF17EB989F00D1A890 /* RootViewController.mm */,
			);
			name = ios;
			path = Classes;
			sourceTree = "<group>";
		};
		19C28FACFE9D520D11CA2CBB /* Products */ = {
			isa = PBXGroup;
			children = (
				1D6058910D05DD3D006BFB54 /* GrowthbeatSample iOS.app */,
			);
			name = Products;
			sourceTree = "<group>";
		};
		1AC6FAE6180E9839004C840B /* Products */ = {
			isa = PBXGroup;
			children = (
				1AC6FAF9180E9839004C840B /* libcocos2d Mac.a */,
				1AC6FB07180E9839004C840B /* libcocos2d iOS.a */,
			);
			name = Products;
			sourceTree = "<group>";
		};
		29B97314FDCFA39411CA2CEA /* CustomTemplate */ = {
			isa = PBXGroup;
			children = (
				46880B8319C43A87006E1F66 /* Classes */,
				46880B7519C43A67006E1F66 /* Resources */,
				1AC6FAE5180E9839004C840B /* cocos2d_libs.xcodeproj */,
				29B97323FDCFA39411CA2CEA /* Frameworks */,
				080E96DDFE201D6D7F000001 /* ios */,
				503AE10617EB990700D1A890 /* mac */,
				19C28FACFE9D520D11CA2CBB /* Products */,
			);
			name = CustomTemplate;
			sourceTree = "<group>";
		};
		29B97323FDCFA39411CA2CEA /* Frameworks */ = {
			isa = PBXGroup;
			children = (
				C1F940E01BB51A8E0010F664 /* Security.framework */,
				C1F940DE1BB51A820010F664 /* SystemConfiguration.framework */,
				C1F940DC1BB51A7C0010F664 /* CFNetwork.framework */,
				C1F940DA1BB51A750010F664 /* AdSupport.framework */,
				C1F940D81BB51A560010F664 /* libiconv.2.4.0.tbd */,
				C1F940D41BB51A500010F664 /* Growthbeat.framework */,
				C1F940D51BB51A500010F664 /* GrowthLink.framework */,
				8262943D1AAF051F00CB7CF7 /* Security.framework */,
				52B47A461A53D09B004E4C60 /* Security.framework */,
				D6B0611A1803AB670077942B /* CoreMotion.framework */,
				503AE11A17EB9C5A00D1A890 /* IOKit.framework */,
				503AE11117EB99EE00D1A890 /* libcurl.dylib */,
				5087E78A17EB975400C73F5D /* OpenGL.framework */,
				5087E78817EB974C00C73F5D /* AppKit.framework */,
				1ACB3243164770DE00914215 /* libcurl.a */,
				BF170DB412928DE900B8313A /* libz.dylib */,
				D44C620F132DFF4E0009C878 /* AudioToolbox.framework */,
				D44C620D132DFF430009C878 /* AVFoundation.framework */,
				288765A40DF7441C002DB57D /* CoreGraphics.framework */,
				1D30AB110D05D00D00671497 /* Foundation.framework */,
				D44C620B132DFF330009C878 /* OpenAL.framework */,
				BF170DB012928DE900B8313A /* OpenGLES.framework */,
				BF1C47EA1293683800B63C5D /* QuartzCore.framework */,
				1DF5F4DF0D08C38300B7A737 /* UIKit.framework */,
			);
			name = Frameworks;
			sourceTree = "<group>";
		};
		46880B7519C43A67006E1F66 /* Resources */ = {
			isa = PBXGroup;
			children = (
				521A8EA819F11F5000D177D7 /* fonts */,
				3EACC98E19EE6D4300EB3C5E /* res */,
				46880B7619C43A67006E1F66 /* CloseNormal.png */,
				46880B7719C43A67006E1F66 /* CloseSelected.png */,
				46880B7A19C43A67006E1F66 /* HelloWorld.png */,
			);
			name = Resources;
			path = ../Resources;
			sourceTree = "<group>";
		};
		46880B8319C43A87006E1F66 /* Classes */ = {
			isa = PBXGroup;
			children = (
				C1F940E21BB51ABF0010F664 /* GrowthAnalytics */,
				C1F940EE1BB51ABF0010F664 /* Growthbeat */,
				C1F940F91BB51ABF0010F664 /* GrowthbeatCore */,
				C1F941051BB51ABF0010F664 /* GrowthLink */,
				C1F941111BB51ABF0010F664 /* GrowthPush */,
				46880B8419C43A87006E1F66 /* AppDelegate.cpp */,
				46880B8519C43A87006E1F66 /* AppDelegate.h */,
				46880B8619C43A87006E1F66 /* HelloWorldScene.cpp */,
				46880B8719C43A87006E1F66 /* HelloWorldScene.h */,
			);
			name = Classes;
			path = ../Classes;
			sourceTree = "<group>";
		};
		503AE0F517EB97AB00D1A890 /* Icons */ = {
			isa = PBXGroup;
			children = (
				503AE0F617EB97AB00D1A890 /* Icon.icns */,
				503AE0F717EB97AB00D1A890 /* Info.plist */,
			);
			name = Icons;
			path = mac;
			sourceTree = SOURCE_ROOT;
		};
		503AE10617EB990700D1A890 /* mac */ = {
			isa = PBXGroup;
			children = (
				503AE0F517EB97AB00D1A890 /* Icons */,
				503AE10317EB98FF00D1A890 /* main.cpp */,
				503AE10417EB98FF00D1A890 /* Prefix.pch */,
			);
			name = mac;
			sourceTree = "<group>";
		};
		5087E77117EB970100C73F5D /* Icons */ = {
			isa = PBXGroup;
			children = (
				521A8E6219F0C34300D177D7 /* Default-667h@2x.png */,
				521A8E6319F0C34300D177D7 /* Default-736h@3x.png */,
				5087E77217EB970100C73F5D /* Default-568h@2x.png */,
				5087E77317EB970100C73F5D /* Default.png */,
				5087E77417EB970100C73F5D /* Default@2x.png */,
				50EF62A017ECD613001EB2F8 /* Icon-29.png */,
				50EF62A117ECD613001EB2F8 /* Icon-50.png */,
				50EF629217ECD46A001EB2F8 /* Icon-40.png */,
				50EF629317ECD46A001EB2F8 /* Icon-58.png */,
				50EF629417ECD46A001EB2F8 /* Icon-80.png */,
				50EF629517ECD46A001EB2F8 /* Icon-100.png */,
				5087E77517EB970100C73F5D /* Icon-114.png */,
				5087E77617EB970100C73F5D /* Icon-120.png */,
				5087E77717EB970100C73F5D /* Icon-144.png */,
				5087E77817EB970100C73F5D /* Icon-152.png */,
				5087E77917EB970100C73F5D /* Icon-57.png */,
				5087E77A17EB970100C73F5D /* Icon-72.png */,
				5087E77B17EB970100C73F5D /* Icon-76.png */,
				5087E77C17EB970100C73F5D /* Info.plist */,
			);
			name = Icons;
			path = ios;
			sourceTree = SOURCE_ROOT;
		};
		C1F940E21BB51ABF0010F664 /* GrowthAnalytics */ = {
			isa = PBXGroup;
			children = (
				C1F940E31BB51ABF0010F664 /* android */,
				C1F940E51BB51ABF0010F664 /* GAGender.h */,
				C1F940E61BB51ABF0010F664 /* GAMacros.h */,
				C1F940E71BB51ABF0010F664 /* GATrackOption.h */,
				C1F940E81BB51ABF0010F664 /* GrowthAnalytics.h */,
				C1F940E91BB51ABF0010F664 /* GrowthAnalyticsInstance.cpp */,
				C1F940EA1BB51ABF0010F664 /* ios */,
			);
			path = GrowthAnalytics;
			sourceTree = "<group>";
		};
		C1F940E31BB51ABF0010F664 /* android */ = {
			isa = PBXGroup;
			children = (
				C1F940E41BB51ABF0010F664 /* GrowthAnalytics.cpp */,
			);
			path = android;
			sourceTree = "<group>";
		};
		C1F940EA1BB51ABF0010F664 /* ios */ = {
			isa = PBXGroup;
			children = (
				C1F940EB1BB51ABF0010F664 /* GrowthAnalytics.mm */,
				C1F940EC1BB51ABF0010F664 /* GrowthAnalyticsCCInternal.h */,
				C1F940ED1BB51ABF0010F664 /* GrowthAnalyticsCCInternal.m */,
			);
			path = ios;
			sourceTree = "<group>";
		};
		C1F940EE1BB51ABF0010F664 /* Growthbeat */ = {
			isa = PBXGroup;
			children = (
				C1F940EF1BB51ABF0010F664 /* android */,
				C1F940F11BB51ABF0010F664 /* GbJsonHelper.h */,
				C1F940F21BB51ABF0010F664 /* GbMacros.h */,
				C1F940F31BB51ABF0010F664 /* Growthbeat.h */,
				C1F940F41BB51ABF0010F664 /* GrowthbeatInstance.cpp */,
				C1F940F51BB51ABF0010F664 /* ios */,
			);
			path = Growthbeat;
			sourceTree = "<group>";
		};
		C1F940EF1BB51ABF0010F664 /* android */ = {
			isa = PBXGroup;
			children = (
				C1F940F01BB51ABF0010F664 /* Growthbeat.cpp */,
			);
			path = android;
			sourceTree = "<group>";
		};
		C1F940F51BB51ABF0010F664 /* ios */ = {
			isa = PBXGroup;
			children = (
				C1F940F61BB51ABF0010F664 /* Growthbeat.mm */,
				C1F940F71BB51ABF0010F664 /* GrowthbeatCCInternal.h */,
				C1F940F81BB51ABF0010F664 /* GrowthbeatCCInternal.m */,
			);
			path = ios;
			sourceTree = "<group>";
		};
		C1F940F91BB51ABF0010F664 /* GrowthbeatCore */ = {
			isa = PBXGroup;
			children = (
				C1F940FA1BB51ABF0010F664 /* android */,
				C1F940FC1BB51ABF0010F664 /* GBCMacros.h */,
				C1F940FD1BB51ABF0010F664 /* GrowthbeatCore.h */,
				C1F940FE1BB51ABF0010F664 /* GrowthbeatCoreInstance.cpp */,
				C1F940FF1BB51ABF0010F664 /* ios */,
			);
			path = GrowthbeatCore;
			sourceTree = "<group>";
		};
		C1F940FA1BB51ABF0010F664 /* android */ = {
			isa = PBXGroup;
			children = (
				C1F940FB1BB51ABF0010F664 /* GrowthbeatCore.cpp */,
			);
			path = android;
			sourceTree = "<group>";
		};
		C1F940FF1BB51ABF0010F664 /* ios */ = {
			isa = PBXGroup;
			children = (
				C1F941001BB51ABF0010F664 /* GBCustomIntent.c */,
				C1F941011BB51ABF0010F664 /* GBCustomIntent.h */,
				C1F941021BB51ABF0010F664 /* GrowthbeatCore.mm */,
				C1F941031BB51ABF0010F664 /* GrowthbeatCoreCCInternal.h */,
				C1F941041BB51ABF0010F664 /* GrowthbeatCoreCCInternal.m */,
			);
			path = ios;
			sourceTree = "<group>";
		};
		C1F941051BB51ABF0010F664 /* GrowthLink */ = {
			isa = PBXGroup;
			children = (
				C1F941061BB51ABF0010F664 /* android */,
				C1F941081BB51ABF0010F664 /* GLMacros.h */,
				C1F941091BB51ABF0010F664 /* GrowthLink.h */,
				C1F9410A1BB51ABF0010F664 /* GrowthLinkInstance.cpp */,
				C1F9410B1BB51ABF0010F664 /* ios */,
			);
			path = GrowthLink;
			sourceTree = "<group>";
		};
		C1F941061BB51ABF0010F664 /* android */ = {
			isa = PBXGroup;
			children = (
				C1F941071BB51ABF0010F664 /* GrowthLink.cpp */,
			);
			path = android;
			sourceTree = "<group>";
		};
		C1F9410B1BB51ABF0010F664 /* ios */ = {
			isa = PBXGroup;
			children = (
				C1F9410C1BB51ABF0010F664 /* GrowthLink.mm */,
				C1F9410D1BB51ABF0010F664 /* GrowthLinkCCInternal.h */,
				C1F9410E1BB51ABF0010F664 /* GrowthLinkCCinternal.m */,
				C1F9410F1BB51ABF0010F664 /* GrowthLinkPlugin.h */,
				C1F941101BB51ABF0010F664 /* GrowthLinkPlugin.m */,
			);
			path = ios;
			sourceTree = "<group>";
		};
		C1F941111BB51ABF0010F664 /* GrowthPush */ = {
			isa = PBXGroup;
			children = (
				C1F941121BB51ABF0010F664 /* android */,
				C1F941141BB51ABF0010F664 /* GPEnvironment.h */,
				C1F941151BB51ABF0010F664 /* GPMacros.h */,
				C1F941161BB51ABF0010F664 /* GrowthPush.h */,
				C1F941171BB51ABF0010F664 /* GrowthPushInstance.cpp */,
				C1F941181BB51ABF0010F664 /* ios */,
			);
			path = GrowthPush;
			sourceTree = "<group>";
		};
		C1F941121BB51ABF0010F664 /* android */ = {
			isa = PBXGroup;
			children = (
				C1F941131BB51ABF0010F664 /* GrowthPush.cpp */,
			);
			path = android;
			sourceTree = "<group>";
		};
		C1F941181BB51ABF0010F664 /* ios */ = {
			isa = PBXGroup;
			children = (
				C11188F91BB7D0620015663B /* GPAppDelegateIntercepter.h */,
				C11188FA1BB7D0620015663B /* GPAppDelegateIntercepter.m */,
				C11188FB1BB7D0620015663B /* GPAppDelegateWrapper.h */,
				C16A9AF61BB7D60F0071EFDE /* GPAppDelegateWrapper.m */,
				C16A9AF51BB7D58F0071EFDE /* GPAppDelegateWrapperDelegate.h */,
				C1F941191BB51ABF0010F664 /* GrowthPush.mm */,
				C1F9411A1BB51ABF0010F664 /* GrowthPushCCInternal.h */,
				C1F9411B1BB51ABF0010F664 /* GrowthPushCCInternal.m */,
				C16A9AF81BB7D6BF0071EFDE /* UIApplication+GrowthPush.h */,
				C16A9AF91BB7D6BF0071EFDE /* UIApplication+GrowthPush.m */,
			);
			path = ios;
			sourceTree = "<group>";
		};
/* End PBXGroup section */

/* Begin PBXNativeTarget section */
		1D6058900D05DD3D006BFB54 /* GrowthbeatSample iOS */ = {
			isa = PBXNativeTarget;
			buildConfigurationList = 1D6058960D05DD3E006BFB54 /* Build configuration list for PBXNativeTarget "GrowthbeatSample iOS" */;
			buildPhases = (
				1D60588D0D05DD3D006BFB54 /* Resources */,
				1D60588E0D05DD3D006BFB54 /* Sources */,
				1D60588F0D05DD3D006BFB54 /* Frameworks */,
			);
			buildRules = (
			);
			dependencies = (
				1AC6FB25180E99E1004C840B /* PBXTargetDependency */,
			);
			name = "GrowthbeatSample iOS";
			productName = iphone;
			productReference = 1D6058910D05DD3D006BFB54 /* GrowthbeatSample iOS.app */;
			productType = "com.apple.product-type.application";
		};
/* End PBXNativeTarget section */

/* Begin PBXProject section */
		29B97313FDCFA39411CA2CEA /* Project object */ = {
			isa = PBXProject;
			attributes = {
				LastUpgradeCheck = 0500;
				TargetAttributes = {
					1D6058900D05DD3D006BFB54 = {
						DevelopmentTeam = KXJAKTLCBX;
					};
				};
			};
			buildConfigurationList = C01FCF4E08A954540054247B /* Build configuration list for PBXProject "GrowthbeatSample" */;
			compatibilityVersion = "Xcode 3.2";
			developmentRegion = English;
			hasScannedForEncodings = 1;
			knownRegions = (
				English,
				Japanese,
				French,
				German,
			);
			mainGroup = 29B97314FDCFA39411CA2CEA /* CustomTemplate */;
			projectDirPath = "";
			projectReferences = (
				{
					ProductGroup = 1AC6FAE6180E9839004C840B /* Products */;
					ProjectRef = 1AC6FAE5180E9839004C840B /* cocos2d_libs.xcodeproj */;
				},
			);
			projectRoot = "";
			targets = (
				1D6058900D05DD3D006BFB54 /* GrowthbeatSample iOS */,
			);
		};
/* End PBXProject section */

/* Begin PBXReferenceProxy section */
		1AC6FAF9180E9839004C840B /* libcocos2d Mac.a */ = {
			isa = PBXReferenceProxy;
			fileType = archive.ar;
			path = "libcocos2d Mac.a";
			remoteRef = 1AC6FAF8180E9839004C840B /* PBXContainerItemProxy */;
			sourceTree = BUILT_PRODUCTS_DIR;
		};
		1AC6FB07180E9839004C840B /* libcocos2d iOS.a */ = {
			isa = PBXReferenceProxy;
			fileType = archive.ar;
			path = "libcocos2d iOS.a";
			remoteRef = 1AC6FB06180E9839004C840B /* PBXContainerItemProxy */;
			sourceTree = BUILT_PRODUCTS_DIR;
		};
/* End PBXReferenceProxy section */

/* Begin PBXResourcesBuildPhase section */
		1D60588D0D05DD3D006BFB54 /* Resources */ = {
			isa = PBXResourcesBuildPhase;
			buildActionMask = 2147483647;
			files = (
				5087E78117EB970100C73F5D /* Icon-120.png in Resources */,
				5087E78617EB970100C73F5D /* Icon-76.png in Resources */,
				5087E77F17EB970100C73F5D /* Default@2x.png in Resources */,
				50EF629917ECD46A001EB2F8 /* Icon-100.png in Resources */,
				5087E78317EB970100C73F5D /* Icon-152.png in Resources */,
				46880B8119C43A67006E1F66 /* HelloWorld.png in Resources */,
				46880B7D19C43A67006E1F66 /* CloseSelected.png in Resources */,
				5087E77D17EB970100C73F5D /* Default-568h@2x.png in Resources */,
				5087E78517EB970100C73F5D /* Icon-72.png in Resources */,
				521A8E6519F0C34300D177D7 /* Default-736h@3x.png in Resources */,
				521A8EA919F11F5000D177D7 /* fonts in Resources */,
				50EF62A317ECD613001EB2F8 /* Icon-50.png in Resources */,
				5087E78017EB970100C73F5D /* Icon-114.png in Resources */,
				50EF62A217ECD613001EB2F8 /* Icon-29.png in Resources */,
				50EF629617ECD46A001EB2F8 /* Icon-40.png in Resources */,
				5087E78217EB970100C73F5D /* Icon-144.png in Resources */,
				3EACC98F19EE6D4300EB3C5E /* res in Resources */,
				50EF629817ECD46A001EB2F8 /* Icon-80.png in Resources */,
				5087E78417EB970100C73F5D /* Icon-57.png in Resources */,
				5087E77E17EB970100C73F5D /* Default.png in Resources */,
				521A8E6419F0C34300D177D7 /* Default-667h@2x.png in Resources */,
				46880B7B19C43A67006E1F66 /* CloseNormal.png in Resources */,
				50EF629717ECD46A001EB2F8 /* Icon-58.png in Resources */,
			);
			runOnlyForDeploymentPostprocessing = 0;
		};
/* End PBXResourcesBuildPhase section */

/* Begin PBXSourcesBuildPhase section */
		1D60588E0D05DD3D006BFB54 /* Sources */ = {
			isa = PBXSourcesBuildPhase;
			buildActionMask = 2147483647;
			files = (
				C1F9411F1BB51ABF0010F664 /* GrowthAnalyticsCCInternal.m in Sources */,
				C1F9412A1BB51ABF0010F664 /* GrowthLinkInstance.cpp in Sources */,
				C16A9AF71BB7D60F0071EFDE /* GPAppDelegateWrapper.m in Sources */,
				C1F9412E1BB51ABF0010F664 /* GrowthPush.cpp in Sources */,
				C1F9412F1BB51ABF0010F664 /* GrowthPushInstance.cpp in Sources */,
				C1F9411D1BB51ABF0010F664 /* GrowthAnalyticsInstance.cpp in Sources */,
				C11188FD1BB7D0620015663B /* GPAppDelegateIntercepter.m in Sources */,
				C1F9412C1BB51ABF0010F664 /* GrowthLinkCCinternal.m in Sources */,
				C1F941201BB51ABF0010F664 /* Growthbeat.cpp in Sources */,
				46880B8819C43A87006E1F66 /* AppDelegate.cpp in Sources */,
				C1F941301BB51ABF0010F664 /* GrowthPush.mm in Sources */,
				C1F941211BB51ABF0010F664 /* GrowthbeatInstance.cpp in Sources */,
				C1F941271BB51ABF0010F664 /* GrowthbeatCore.mm in Sources */,
				46880B8A19C43A87006E1F66 /* HelloWorldScene.cpp in Sources */,
				503AE10017EB989F00D1A890 /* AppController.mm in Sources */,
				C1F9412B1BB51ABF0010F664 /* GrowthLink.mm in Sources */,
				C1F941261BB51ABF0010F664 /* GBCustomIntent.c in Sources */,
				C16A9AFA1BB7D6BF0071EFDE /* UIApplication+GrowthPush.m in Sources */,
				503AE10217EB989F00D1A890 /* RootViewController.mm in Sources */,
				C1F941281BB51ABF0010F664 /* GrowthbeatCoreCCInternal.m in Sources */,
				C1F941291BB51ABF0010F664 /* GrowthLink.cpp in Sources */,
				C1F941221BB51ABF0010F664 /* Growthbeat.mm in Sources */,
				C1F941241BB51ABF0010F664 /* GrowthbeatCore.cpp in Sources */,
				C1F9411E1BB51ABF0010F664 /* GrowthAnalytics.mm in Sources */,
				503AE10117EB989F00D1A890 /* main.m in Sources */,
				C1F9412D1BB51ABF0010F664 /* GrowthLinkPlugin.m in Sources */,
				C1F941251BB51ABF0010F664 /* GrowthbeatCoreInstance.cpp in Sources */,
				C1F9411C1BB51ABF0010F664 /* GrowthAnalytics.cpp in Sources */,
				C1F941231BB51ABF0010F664 /* GrowthbeatCCInternal.m in Sources */,
				C1F941311BB51ABF0010F664 /* GrowthPushCCInternal.m in Sources */,
			);
			runOnlyForDeploymentPostprocessing = 0;
		};
/* End PBXSourcesBuildPhase section */

/* Begin PBXTargetDependency section */
		1AC6FB25180E99E1004C840B /* PBXTargetDependency */ = {
			isa = PBXTargetDependency;
			name = "cocos2dx iOS";
			targetProxy = 1AC6FB24180E99E1004C840B /* PBXContainerItemProxy */;
		};
/* End PBXTargetDependency section */

/* Begin XCBuildConfiguration section */
		1D6058940D05DD3E006BFB54 /* Debug */ = {
			isa = XCBuildConfiguration;
			buildSettings = {
				ALWAYS_SEARCH_USER_PATHS = YES;
				CODE_SIGN_IDENTITY = "iPhone Developer: Yuto Mukoyama (S4DY4ST4FA)";
				"CODE_SIGN_IDENTITY[sdk=iphoneos*]" = "iPhone Developer";
				COMPRESS_PNG_FILES = NO;
				ENABLE_BITCODE = NO;
				FRAMEWORK_SEARCH_PATHS = (
					"$(inherited)",
					"$(PROJECT_DIR)",
				);
				GCC_DYNAMIC_NO_PIC = NO;
				GCC_INLINES_ARE_PRIVATE_EXTERN = NO;
				GCC_PRECOMPILE_PREFIX_HEADER = YES;
				GCC_PREFIX_HEADER = ios/Prefix.pch;
				GCC_PREPROCESSOR_DEFINITIONS = (
					USE_FILE32API,
					CC_TARGET_OS_IPHONE,
					"COCOS2D_DEBUG=1",
					"CC_ENABLE_CHIPMUNK_INTEGRATION=1",
				);
				GCC_SYMBOLS_PRIVATE_EXTERN = NO;
				HEADER_SEARCH_PATHS = (
					"$(inherited)",
					"$(SRCROOT)/../cocos2d/cocos/platform/ios",
					"$(SRCROOT)/../cocos2d/cocos/platform/ios/Simulation",
				);
				INFOPLIST_FILE = ios/Info.plist;
				IPHONEOS_DEPLOYMENT_TARGET = 5.0;
				LIBRARY_SEARCH_PATHS = "";
				OTHER_LDFLAGS = (
					"$(_COCOS_LIB_IOS_BEGIN)",
					"$(_COCOS_LIB_IOS_END)",
				);
				PROVISIONING_PROFILE = "282e8de8-ae49-48fc-94c4-bf936b540c5b";
				SDKROOT = iphoneos;
				TARGETED_DEVICE_FAMILY = "1,2";
				USER_HEADER_SEARCH_PATHS = "$(_COCOS_HEADER_IOS_BEGIN) $(_COCOS_HEADER_IOS_END)";
				VALID_ARCHS = "arm64 armv7";
			};
			name = Debug;
		};
		1D6058950D05DD3E006BFB54 /* Release */ = {
			isa = XCBuildConfiguration;
			buildSettings = {
				ALWAYS_SEARCH_USER_PATHS = YES;
				CODE_SIGN_IDENTITY = "iPhone Distribution: SIROK, Inc. (KXJAKTLCBX)";
				"CODE_SIGN_IDENTITY[sdk=iphoneos*]" = "iPhone Distribution";
				COMPRESS_PNG_FILES = NO;
				ENABLE_BITCODE = NO;
				FRAMEWORK_SEARCH_PATHS = (
					"$(inherited)",
					"$(PROJECT_DIR)",
				);
				GCC_INLINES_ARE_PRIVATE_EXTERN = NO;
				GCC_PRECOMPILE_PREFIX_HEADER = YES;
				GCC_PREFIX_HEADER = ios/Prefix.pch;
				GCC_PREPROCESSOR_DEFINITIONS = (
					USE_FILE32API,
					CC_TARGET_OS_IPHONE,
					"CC_ENABLE_CHIPMUNK_INTEGRATION=1",
				);
				GCC_SYMBOLS_PRIVATE_EXTERN = NO;
				HEADER_SEARCH_PATHS = (
					"$(inherited)",
					"$(SRCROOT)/../cocos2d/cocos/platform/ios",
					"$(SRCROOT)/../cocos2d/cocos/platform/ios/Simulation",
				);
				INFOPLIST_FILE = ios/Info.plist;
				IPHONEOS_DEPLOYMENT_TARGET = 5.0;
				LIBRARY_SEARCH_PATHS = "";
				OTHER_LDFLAGS = (
					"$(_COCOS_LIB_IOS_BEGIN)",
					"$(_COCOS_LIB_IOS_END)",
				);
				PROVISIONING_PROFILE = "452f7261-0d46-4a5a-8349-53648dfbf21f";
				SDKROOT = iphoneos;
				TARGETED_DEVICE_FAMILY = "1,2";
				USER_HEADER_SEARCH_PATHS = "$(_COCOS_HEADER_IOS_BEGIN) $(_COCOS_HEADER_IOS_END)";
				VALID_ARCHS = "arm64 armv7";
			};
			name = Release;
		};
		C01FCF4F08A954540054247B /* Debug */ = {
			isa = XCBuildConfiguration;
			buildSettings = {
				CLANG_CXX_LANGUAGE_STANDARD = "c++0x";
				CLANG_CXX_LIBRARY = "libc++";
				CODE_SIGN_IDENTITY = "iPhone Developer: Yuto Mukoyama (S4DY4ST4FA)";
				COPY_PHASE_STRIP = NO;
				GCC_OPTIMIZATION_LEVEL = 0;
				GCC_WARN_ABOUT_RETURN_TYPE = YES;
				GCC_WARN_UNUSED_VARIABLE = YES;
				HEADER_SEARCH_PATHS = (
					"$(SRCROOT)/../cocos2d",
					"$(SRCROOT)/../cocos2d/cocos",
					"$(SRCROOT)/../cocos2d/cocos/base",
					"$(SRCROOT)/../cocos2d/cocos/physics",
					"$(SRCROOT)/../cocos2d/cocos/math",
					"$(SRCROOT)/../cocos2d/cocos/2d",
					"$(SRCROOT)/../cocos2d/cocos/ui",
					"$(SRCROOT)/../cocos2d/cocos/network",
					"$(SRCROOT)/../cocos2d/cocos/audio/include",
					"$(SRCROOT)/../cocos2d/cocos/editor-support",
					"$(SRCROOT)/../cocos2d/extensions",
					"$(SRCROOT)/../cocos2d/external",
					"$(SRCROOT)/../cocos2d/external/chipmunk/include/chipmunk",
				);
				MACOSX_DEPLOYMENT_TARGET = 10.7;
				ONLY_ACTIVE_ARCH = YES;
				PRODUCT_NAME = "$(TARGET_NAME)";
				PROVISIONING_PROFILE = "282e8de8-ae49-48fc-94c4-bf936b540c5b";
				SDKROOT = macosx;
			};
			name = Debug;
		};
		C01FCF5008A954540054247B /* Release */ = {
			isa = XCBuildConfiguration;
			buildSettings = {
				CLANG_CXX_LANGUAGE_STANDARD = "c++0x";
				CLANG_CXX_LIBRARY = "libc++";
				CODE_SIGN_IDENTITY = "iPhone Distribution: SIROK, Inc. (KXJAKTLCBX)";
				GCC_WARN_ABOUT_RETURN_TYPE = YES;
				GCC_WARN_UNUSED_VARIABLE = YES;
				HEADER_SEARCH_PATHS = (
					"$(SRCROOT)/../cocos2d",
					"$(SRCROOT)/../cocos2d/cocos",
					"$(SRCROOT)/../cocos2d/cocos/base",
					"$(SRCROOT)/../cocos2d/cocos/physics",
					"$(SRCROOT)/../cocos2d/cocos/math",
					"$(SRCROOT)/../cocos2d/cocos/2d",
					"$(SRCROOT)/../cocos2d/cocos/ui",
					"$(SRCROOT)/../cocos2d/cocos/network",
					"$(SRCROOT)/../cocos2d/cocos/audio/include",
					"$(SRCROOT)/../cocos2d/cocos/editor-support",
					"$(SRCROOT)/../cocos2d/extensions",
					"$(SRCROOT)/../cocos2d/external",
					"$(SRCROOT)/../cocos2d/external/chipmunk/include/chipmunk",
				);
				MACOSX_DEPLOYMENT_TARGET = 10.7;
				OTHER_CFLAGS = "-DNS_BLOCK_ASSERTIONS=1";
				PRODUCT_NAME = "$(TARGET_NAME)";
				PROVISIONING_PROFILE = "0c715dc2-4ee1-4070-b80c-64e2662b4ecb";
				SDKROOT = macosx;
				VALIDATE_PRODUCT = YES;
			};
			name = Release;
		};
/* End XCBuildConfiguration section */

/* Begin XCConfigurationList section */
		1D6058960D05DD3E006BFB54 /* Build configuration list for PBXNativeTarget "GrowthbeatSample iOS" */ = {
			isa = XCConfigurationList;
			buildConfigurations = (
				1D6058940D05DD3E006BFB54 /* Debug */,
				1D6058950D05DD3E006BFB54 /* Release */,
			);
			defaultConfigurationIsVisible = 0;
			defaultConfigurationName = Debug;
		};
		C01FCF4E08A954540054247B /* Build configuration list for PBXProject "GrowthbeatSample" */ = {
			isa = XCConfigurationList;
			buildConfigurations = (
				C01FCF4F08A954540054247B /* Debug */,
				C01FCF5008A954540054247B /* Release */,
			);
			defaultConfigurationIsVisible = 0;
			defaultConfigurationName = Debug;
		};
/* End XCConfigurationList section */
	};
	rootObject = 29B97313FDCFA39411CA2CEA /* Project object */;
}
